{
  "object": {
    "pins": [
      {
        "package": "tree-sitter-xcframework",
        "repositoryURL": "https://github.com/krzyzanowskim/tree-sitter-xcframework",
        "state": {
          "branch": null,
          "revision": "e24b77438e2d40f796875101e45a5b5f93aaac25",
          "version": "0.206.7"
        }
      }
    ]
  },
  "version": 1
}
