{
  "object": {
    "pins": [
      {
        "package": "tree-sitter",
        "repositoryURL": "https://github.com/mattmassicotte/tree-sitter",
        "state": {
          "branch": "feature/swift-package",
          "revision": "7bafcd7d9e01edc19cef8bf300e4841e6d397bd2",
          "version": null
        }
      }
    ]
  },
  "version": 1
}
