{
  "object": {
    "pins": [
      {
        "package": "tree-sitter-xcframework",
        "repositoryURL": "git@github.com:krzyzanowskim/tree-sitter-xcframework.git",
        "state": {
          "branch": null,
          "revision": "3761ca40f9316a53ea6f7416ae2ff5f06693d5ee",
          "version": "0.206.2"
        }
      }
    ]
  },
  "version": 1
}
