// !$*UTF8*$!
{
	archiveVersion = 1;
	classes = {
	};
	objectVersion = 56;
	objects = {

/* Begin PBXBuildFile section */
		C9B4E87728DDC3280086FC0D /* SwiftTreeSitterExampleApp.swift in Sources */ = {isa = PBXBuildFile; fileRef = C9B4E87628DDC3280086FC0D /* SwiftTreeSitterExampleApp.swift */; };
		C9B4E87928DDC3280086FC0D /* ContentView.swift in Sources */ = {isa = PBXBuildFile; fileRef = C9B4E87828DDC3280086FC0D /* ContentView.swift */; };
		C9B4E87B28DDC3290086FC0D /* Assets.xcassets in Resources */ = {isa = PBXBuildFile; fileRef = C9B4E87A28DDC3290086FC0D /* Assets.xcassets */; };
		C9B4E87E28DDC3290086FC0D /* Preview Assets.xcassets in Resources */ = {isa = PBXBuildFile; fileRef = C9B4E87D28DDC3290086FC0D /* Preview Assets.xcassets */; };
		C9B4E88B28DDC4360086FC0D /* SwiftTreeSitter in Frameworks */ = {isa = PBXBuildFile; productRef = C9B4E88A28DDC4360086FC0D /* SwiftTreeSitter */; };
		C9E726722A0436430019EFBB /* TreeSitterMarkdown in Frameworks */ = {isa = PBXBuildFile; productRef = C9E726712A0436430019EFBB /* TreeSitterMarkdown */; };
		C9E726752A0436B00019EFBB /* TreeSitterSwift in Frameworks */ = {isa = PBXBuildFile; productRef = C9E726742A0436B00019EFBB /* TreeSitterSwift */; };
		C9E726772A043B3C0019EFBB /* TreeSitterDocument in Frameworks */ = {isa = PBXBuildFile; productRef = C9E726762A043B3C0019EFBB /* TreeSitterDocument */; };
/* End PBXBuildFile section */

/* Begin PBXFileReference section */
		C9B4E87328DDC3280086FC0D /* SwiftTreeSitterExample.app */ = {isa = PBXFileReference; explicitFileType = wrapper.application; includeInIndex = 0; path = SwiftTreeSitterExample.app; sourceTree = BUILT_PRODUCTS_DIR; };
		C9B4E87628DDC3280086FC0D /* SwiftTreeSitterExampleApp.swift */ = {isa = PBXFileReference; lastKnownFileType = sourcecode.swift; path = SwiftTreeSitterExampleApp.swift; sourceTree = "<group>"; };
		C9B4E87828DDC3280086FC0D /* ContentView.swift */ = {isa = PBXFileReference; lastKnownFileType = sourcecode.swift; path = ContentView.swift; sourceTree = "<group>"; };
		C9B4E87A28DDC3290086FC0D /* Assets.xcassets */ = {isa = PBXFileReference; lastKnownFileType = folder.assetcatalog; path = Assets.xcassets; sourceTree = "<group>"; };
		C9B4E87D28DDC3290086FC0D /* Preview Assets.xcassets */ = {isa = PBXFileReference; lastKnownFileType = folder.assetcatalog; path = "Preview Assets.xcassets"; sourceTree = "<group>"; };
		C9B4E87F28DDC3290086FC0D /* SwiftTreeSitterExample.entitlements */ = {isa = PBXFileReference; lastKnownFileType = text.plist.entitlements; path = SwiftTreeSitterExample.entitlements; sourceTree = "<group>"; };
		C9B4E88528DDC37F0086FC0D /* SwiftTreeSitter */ = {isa = PBXFileReference; lastKnownFileType = wrapper; name = SwiftTreeSitter; path = ..; sourceTree = "<group>"; };
/* End PBXFileReference section */

/* Begin PBXFrameworksBuildPhase section */
		C9B4E87028DDC3280086FC0D /* Frameworks */ = {
			isa = PBXFrameworksBuildPhase;
			buildActionMask = 2147483647;
			files = (
				C9E726772A043B3C0019EFBB /* TreeSitterDocument in Frameworks */,
				C9B4E88B28DDC4360086FC0D /* SwiftTreeSitter in Frameworks */,
				C9E726722A0436430019EFBB /* TreeSitterMarkdown in Frameworks */,
				C9E726752A0436B00019EFBB /* TreeSitterSwift in Frameworks */,
			);
			runOnlyForDeploymentPostprocessing = 0;
		};
/* End PBXFrameworksBuildPhase section */

/* Begin PBXGroup section */
		C9B4E86A28DDC3280086FC0D = {
			isa = PBXGroup;
			children = (
				C9B4E88528DDC37F0086FC0D /* SwiftTreeSitter */,
				C9B4E87528DDC3280086FC0D /* SwiftTreeSitterExample */,
				C9B4E87428DDC3280086FC0D /* Products */,
				C9B4E88928DDC4360086FC0D /* Frameworks */,
			);
			sourceTree = "<group>";
		};
		C9B4E87428DDC3280086FC0D /* Products */ = {
			isa = PBXGroup;
			children = (
				C9B4E87328DDC3280086FC0D /* SwiftTreeSitterExample.app */,
			);
			name = Products;
			sourceTree = "<group>";
		};
		C9B4E87528DDC3280086FC0D /* SwiftTreeSitterExample */ = {
			isa = PBXGroup;
			children = (
				C9B4E87628DDC3280086FC0D /* SwiftTreeSitterExampleApp.swift */,
				C9B4E87828DDC3280086FC0D /* ContentView.swift */,
				C9B4E87A28DDC3290086FC0D /* Assets.xcassets */,
				C9B4E87F28DDC3290086FC0D /* SwiftTreeSitterExample.entitlements */,
				C9B4E87C28DDC3290086FC0D /* Preview Content */,
			);
			path = SwiftTreeSitterExample;
			sourceTree = "<group>";
		};
		C9B4E87C28DDC3290086FC0D /* Preview Content */ = {
			isa = PBXGroup;
			children = (
				C9B4E87D28DDC3290086FC0D /* Preview Assets.xcassets */,
			);
			path = "Preview Content";
			sourceTree = "<group>";
		};
		C9B4E88928DDC4360086FC0D /* Frameworks */ = {
			isa = PBXGroup;
			children = (
			);
			name = Frameworks;
			sourceTree = "<group>";
		};
/* End PBXGroup section */

/* Begin PBXNativeTarget section */
		C9B4E87228DDC3280086FC0D /* SwiftTreeSitterExample */ = {
			isa = PBXNativeTarget;
			buildConfigurationList = C9B4E88228DDC3290086FC0D /* Build configuration list for PBXNativeTarget "SwiftTreeSitterExample" */;
			buildPhases = (
				C9B4E86F28DDC3280086FC0D /* Sources */,
				C9B4E87028DDC3280086FC0D /* Frameworks */,
				C9B4E87128DDC3280086FC0D /* Resources */,
			);
			buildRules = (
			);
			dependencies = (
			);
			name = SwiftTreeSitterExample;
			packageProductDependencies = (
				C9B4E88A28DDC4360086FC0D /* SwiftTreeSitter */,
				C9E726712A0436430019EFBB /* TreeSitterMarkdown */,
				C9E726742A0436B00019EFBB /* TreeSitterSwift */,
				C9E726762A043B3C0019EFBB /* TreeSitterDocument */,
			);
			productName = SwiftTreeSitterExample;
			productReference = C9B4E87328DDC3280086FC0D /* SwiftTreeSitterExample.app */;
			productType = "com.apple.product-type.application";
		};
/* End PBXNativeTarget section */

/* Begin PBXProject section */
		C9B4E86B28DDC3280086FC0D /* Project object */ = {
			isa = PBXProject;
			attributes = {
				BuildIndependentTargetsInParallel = 1;
				LastSwiftUpdateCheck = 1400;
				LastUpgradeCheck = 1400;
				TargetAttributes = {
					C9B4E87228DDC3280086FC0D = {
						CreatedOnToolsVersion = 14.0;
					};
				};
			};
			buildConfigurationList = C9B4E86E28DDC3280086FC0D /* Build configuration list for PBXProject "SwiftTreeSitterExample" */;
			compatibilityVersion = "Xcode 14.0";
			developmentRegion = en;
			hasScannedForEncodings = 0;
			knownRegions = (
				en,
				Base,
			);
			mainGroup = C9B4E86A28DDC3280086FC0D;
			packageReferences = (
				C9E726702A0436420019EFBB /* XCRemoteSwiftPackageReference "tree-sitter-markdown" */,
				C9E726732A0436B00019EFBB /* XCRemoteSwiftPackageReference "tree-sitter-swift" */,
			);
			productRefGroup = C9B4E87428DDC3280086FC0D /* Products */;
			projectDirPath = "";
			projectRoot = "";
			targets = (
				C9B4E87228DDC3280086FC0D /* SwiftTreeSitterExample */,
			);
		};
/* End PBXProject section */

/* Begin PBXResourcesBuildPhase section */
		C9B4E87128DDC3280086FC0D /* Resources */ = {
			isa = PBXResourcesBuildPhase;
			buildActionMask = 2147483647;
			files = (
				C9B4E87E28DDC3290086FC0D /* Preview Assets.xcassets in Resources */,
				C9B4E87B28DDC3290086FC0D /* Assets.xcassets in Resources */,
			);
			runOnlyForDeploymentPostprocessing = 0;
		};
/* End PBXResourcesBuildPhase section */

/* Begin PBXSourcesBuildPhase section */
		C9B4E86F28DDC3280086FC0D /* Sources */ = {
			isa = PBXSourcesBuildPhase;
			buildActionMask = 2147483647;
			files = (
				C9B4E87928DDC3280086FC0D /* ContentView.swift in Sources */,
				C9B4E87728DDC3280086FC0D /* SwiftTreeSitterExampleApp.swift in Sources */,
			);
			runOnlyForDeploymentPostprocessing = 0;
		};
/* End PBXSourcesBuildPhase section */

/* Begin XCBuildConfiguration section */
		C9B4E88028DDC3290086FC0D /* Debug */ = {
			isa = XCBuildConfiguration;
			buildSettings = {
				ALWAYS_SEARCH_USER_PATHS = NO;
				CLANG_ANALYZER_NONNULL = YES;
				CLANG_ANALYZER_NUMBER_OBJECT_CONVERSION = YES_AGGRESSIVE;
				CLANG_CXX_LANGUAGE_STANDARD = "gnu++20";
				CLANG_ENABLE_MODULES = YES;
				CLANG_ENABLE_OBJC_ARC = YES;
				CLANG_ENABLE_OBJC_WEAK = YES;
				CLANG_WARN_BLOCK_CAPTURE_AUTORELEASING = YES;
				CLANG_WARN_BOOL_CONVERSION = YES;
				CLANG_WARN_COMMA = YES;
				CLANG_WARN_CONSTANT_CONVERSION = YES;
				CLANG_WARN_DEPRECATED_OBJC_IMPLEMENTATIONS = YES;
				CLANG_WARN_DIRECT_OBJC_ISA_USAGE = YES_ERROR;
				CLANG_WARN_DOCUMENTATION_COMMENTS = YES;
				CLANG_WARN_EMPTY_BODY = YES;
				CLANG_WARN_ENUM_CONVERSION = YES;
				CLANG_WARN_INFINITE_RECURSION = YES;
				CLANG_WARN_INT_CONVERSION = YES;
				CLANG_WARN_NON_LITERAL_NULL_CONVERSION = YES;
				CLANG_WARN_OBJC_IMPLICIT_RETAIN_SELF = YES;
				CLANG_WARN_OBJC_LITERAL_CONVERSION = YES;
				CLANG_WARN_OBJC_ROOT_CLASS = YES_ERROR;
				CLANG_WARN_QUOTED_INCLUDE_IN_FRAMEWORK_HEADER = YES;
				CLANG_WARN_RANGE_LOOP_ANALYSIS = YES;
				CLANG_WARN_STRICT_PROTOTYPES = YES;
				CLANG_WARN_SUSPICIOUS_MOVE = YES;
				CLANG_WARN_UNGUARDED_AVAILABILITY = YES_AGGRESSIVE;
				CLANG_WARN_UNREACHABLE_CODE = YES;
				CLANG_WARN__DUPLICATE_METHOD_MATCH = YES;
				COPY_PHASE_STRIP = NO;
				DEBUG_INFORMATION_FORMAT = dwarf;
				ENABLE_STRICT_OBJC_MSGSEND = YES;
				ENABLE_TESTABILITY = YES;
				GCC_C_LANGUAGE_STANDARD = gnu11;
				GCC_DYNAMIC_NO_PIC = NO;
				GCC_NO_COMMON_BLOCKS = YES;
				GCC_OPTIMIZATION_LEVEL = 0;
				GCC_PREPROCESSOR_DEFINITIONS = (
					"DEBUG=1",
					"$(inherited)",
				);
				GCC_WARN_64_TO_32_BIT_CONVERSION = YES;
				GCC_WARN_ABOUT_RETURN_TYPE = YES_ERROR;
				GCC_WARN_UNDECLARED_SELECTOR = YES;
				GCC_WARN_UNINITIALIZED_AUTOS = YES_AGGRESSIVE;
				GCC_WARN_UNUSED_FUNCTION = YES;
				GCC_WARN_UNUSED_VARIABLE = YES;
				MACOSX_DEPLOYMENT_TARGET = 13.0;
				MTL_ENABLE_DEBUG_INFO = INCLUDE_SOURCE;
				MTL_FAST_MATH = YES;
				ONLY_ACTIVE_ARCH = YES;
				SDKROOT = macosx;
				SWIFT_ACTIVE_COMPILATION_CONDITIONS = DEBUG;
				SWIFT_OPTIMIZATION_LEVEL = "-Onone";
			};
			name = Debug;
		};
		C9B4E88128DDC3290086FC0D /* Release */ = {
			isa = XCBuildConfiguration;
			buildSettings = {
				ALWAYS_SEARCH_USER_PATHS = NO;
				CLANG_ANALYZER_NONNULL = YES;
				CLANG_ANALYZER_NUMBER_OBJECT_CONVERSION = YES_AGGRESSIVE;
				CLANG_CXX_LANGUAGE_STANDARD = "gnu++20";
				CLANG_ENABLE_MODULES = YES;
				CLANG_ENABLE_OBJC_ARC = YES;
				CLANG_ENABLE_OBJC_WEAK = YES;
				CLANG_WARN_BLOCK_CAPTURE_AUTORELEASING = YES;
				CLANG_WARN_BOOL_CONVERSION = YES;
				CLANG_WARN_COMMA = YES;
				CLANG_WARN_CONSTANT_CONVERSION = YES;
				CLANG_WARN_DEPRECATED_OBJC_IMPLEMENTATIONS = YES;
				CLANG_WARN_DIRECT_OBJC_ISA_USAGE = YES_ERROR;
				CLANG_WARN_DOCUMENTATION_COMMENTS = YES;
				CLANG_WARN_EMPTY_BODY = YES;
				CLANG_WARN_ENUM_CONVERSION = YES;
				CLANG_WARN_INFINITE_RECURSION = YES;
				CLANG_WARN_INT_CONVERSION = YES;
				CLANG_WARN_NON_LITERAL_NULL_CONVERSION = YES;
				CLANG_WARN_OBJC_IMPLICIT_RETAIN_SELF = YES;
				CLANG_WARN_OBJC_LITERAL_CONVERSION = YES;
				CLANG_WARN_OBJC_ROOT_CLASS = YES_ERROR;
				CLANG_WARN_QUOTED_INCLUDE_IN_FRAMEWORK_HEADER = YES;
				CLANG_WARN_RANGE_LOOP_ANALYSIS = YES;
				CLANG_WARN_STRICT_PROTOTYPES = YES;
				CLANG_WARN_SUSPICIOUS_MOVE = YES;
				CLANG_WARN_UNGUARDED_AVAILABILITY = YES_AGGRESSIVE;
				CLANG_WARN_UNREACHABLE_CODE = YES;
				CLANG_WARN__DUPLICATE_METHOD_MATCH = YES;
				COPY_PHASE_STRIP = NO;
				DEBUG_INFORMATION_FORMAT = "dwarf-with-dsym";
				ENABLE_NS_ASSERTIONS = NO;
				ENABLE_STRICT_OBJC_MSGSEND = YES;
				GCC_C_LANGUAGE_STANDARD = gnu11;
				GCC_NO_COMMON_BLOCKS = YES;
				GCC_WARN_64_TO_32_BIT_CONVERSION = YES;
				GCC_WARN_ABOUT_RETURN_TYPE = YES_ERROR;
				GCC_WARN_UNDECLARED_SELECTOR = YES;
				GCC_WARN_UNINITIALIZED_AUTOS = YES_AGGRESSIVE;
				GCC_WARN_UNUSED_FUNCTION = YES;
				GCC_WARN_UNUSED_VARIABLE = YES;
				MACOSX_DEPLOYMENT_TARGET = 13.0;
				MTL_ENABLE_DEBUG_INFO = NO;
				MTL_FAST_MATH = YES;
				SDKROOT = macosx;
				SWIFT_COMPILATION_MODE = wholemodule;
				SWIFT_OPTIMIZATION_LEVEL = "-O";
			};
			name = Release;
		};
		C9B4E88328DDC3290086FC0D /* Debug */ = {
			isa = XCBuildConfiguration;
			buildSettings = {
				ASSETCATALOG_COMPILER_APPICON_NAME = AppIcon;
				ASSETCATALOG_COMPILER_GLOBAL_ACCENT_COLOR_NAME = AccentColor;
				CODE_SIGN_ENTITLEMENTS = SwiftTreeSitterExample/SwiftTreeSitterExample.entitlements;
				CODE_SIGN_STYLE = Automatic;
				COMBINE_HIDPI_IMAGES = YES;
				CURRENT_PROJECT_VERSION = 1;
				DEVELOPMENT_ASSET_PATHS = "\"SwiftTreeSitterExample/Preview Content\"";
				ENABLE_PREVIEWS = YES;
				GENERATE_INFOPLIST_FILE = YES;
				INFOPLIST_KEY_NSHumanReadableCopyright = "";
				LD_RUNPATH_SEARCH_PATHS = (
					"$(inherited)",
					"@executable_path/../Frameworks",
				);
				MARKETING_VERSION = 1.0;
				PRODUCT_BUNDLE_IDENTIFIER = com.yourcompany.SwiftTreeSitterExample;
				PRODUCT_NAME = "$(TARGET_NAME)";
				SWIFT_EMIT_LOC_STRINGS = YES;
				SWIFT_VERSION = 5.0;
			};
			name = Debug;
		};
		C9B4E88428DDC3290086FC0D /* Release */ = {
			isa = XCBuildConfiguration;
			buildSettings = {
				ASSETCATALOG_COMPILER_APPICON_NAME = AppIcon;
				ASSETCATALOG_COMPILER_GLOBAL_ACCENT_COLOR_NAME = AccentColor;
				CODE_SIGN_ENTITLEMENTS = SwiftTreeSitterExample/SwiftTreeSitterExample.entitlements;
				CODE_SIGN_STYLE = Automatic;
				COMBINE_HIDPI_IMAGES = YES;
				CURRENT_PROJECT_VERSION = 1;
				DEVELOPMENT_ASSET_PATHS = "\"SwiftTreeSitterExample/Preview Content\"";
				ENABLE_PREVIEWS = YES;
				GENERATE_INFOPLIST_FILE = YES;
				INFOPLIST_KEY_NSHumanReadableCopyright = "";
				LD_RUNPATH_SEARCH_PATHS = (
					"$(inherited)",
					"@executable_path/../Frameworks",
				);
				MARKETING_VERSION = 1.0;
				PRODUCT_BUNDLE_IDENTIFIER = com.yourcompany.SwiftTreeSitterExample;
				PRODUCT_NAME = "$(TARGET_NAME)";
				SWIFT_EMIT_LOC_STRINGS = YES;
				SWIFT_VERSION = 5.0;
			};
			name = Release;
		};
/* End XCBuildConfiguration section */

/* Begin XCConfigurationList section */
		C9B4E86E28DDC3280086FC0D /* Build configuration list for PBXProject "SwiftTreeSitterExample" */ = {
			isa = XCConfigurationList;
			buildConfigurations = (
				C9B4E88028DDC3290086FC0D /* Debug */,
				C9B4E88128DDC3290086FC0D /* Release */,
			);
			defaultConfigurationIsVisible = 0;
			defaultConfigurationName = Release;
		};
		C9B4E88228DDC3290086FC0D /* Build configuration list for PBXNativeTarget "SwiftTreeSitterExample" */ = {
			isa = XCConfigurationList;
			buildConfigurations = (
				C9B4E88328DDC3290086FC0D /* Debug */,
				C9B4E88428DDC3290086FC0D /* Release */,
			);
			defaultConfigurationIsVisible = 0;
			defaultConfigurationName = Release;
		};
/* End XCConfigurationList section */

/* Begin XCRemoteSwiftPackageReference section */
		C9E726702A0436420019EFBB /* XCRemoteSwiftPackageReference "tree-sitter-markdown" */ = {
			isa = XCRemoteSwiftPackageReference;
			repositoryURL = "https://github.com/MDeiml/tree-sitter-markdown";
			requirement = {
				branch = split_parser;
				kind = branch;
			};
		};
		C9E726732A0436B00019EFBB /* XCRemoteSwiftPackageReference "tree-sitter-swift" */ = {
			isa = XCRemoteSwiftPackageReference;
			repositoryURL = "https://github.com/alex-pinkus/tree-sitter-swift/";
			requirement = {
				branch = "with-generated-files";
				kind = branch;
			};
		};
/* End XCRemoteSwiftPackageReference section */

/* Begin XCSwiftPackageProductDependency section */
		C9B4E88A28DDC4360086FC0D /* SwiftTreeSitter */ = {
			isa = XCSwiftPackageProductDependency;
			productName = SwiftTreeSitter;
		};
		C9E726712A0436430019EFBB /* TreeSitterMarkdown */ = {
			isa = XCSwiftPackageProductDependency;
			package = C9E726702A0436420019EFBB /* XCRemoteSwiftPackageReference "tree-sitter-markdown" */;
			productName = TreeSitterMarkdown;
		};
		C9E726742A0436B00019EFBB /* TreeSitterSwift */ = {
			isa = XCSwiftPackageProductDependency;
			package = C9E726732A0436B00019EFBB /* XCRemoteSwiftPackageReference "tree-sitter-swift" */;
			productName = TreeSitterSwift;
		};
		C9E726762A043B3C0019EFBB /* TreeSitterDocument */ = {
			isa = XCSwiftPackageProductDependency;
			productName = TreeSitterDocument;
		};
/* End XCSwiftPackageProductDependency section */
	};
	rootObject = C9B4E86B28DDC3280086FC0D /* Project object */;
}
